
Microsoft Visual Studio Solution File, Format Version 12.00
# Visual Studio Version 16
VisualStudioVersion = 16.0.30011.22
MinimumVisualStudioVersion = 10.0.40219.1
Project("{FAE04EC0-301F-11D3-BF4B-00C04F79EFBC}") = "comparativo-Desempenho-SQL-NoSQL", "comparativo-Desempenho-SQL-NoSQL\comparativo-Desempenho-SQL-NoSQL.csproj", "{B3ED9257-B93B-4B34-9F3A-8284EBAC1915}"
EndProject
Global
	GlobalSection(SolutionConfigurationPlatforms) = preSolution
		Debug|Any CPU = Debug|Any CPU
		Release|Any CPU = Release|Any CPU
	EndGlobalSection
	GlobalSection(ProjectConfigurationPlatforms) = postSolution
		{B3ED9257-B93B-4B34-9F3A-8284EBAC1915}.Debug|Any CPU.ActiveCfg = Debug|Any CPU
		{B3ED9257-B93B-4B34-9F3A-8284EBAC1915}.Debug|Any CPU.Build.0 = Debug|Any CPU
		{B3ED9257-B93B-4B34-9F3A-8284EBAC1915}.Release|Any CPU.ActiveCfg = Release|Any CPU
		{B3ED9257-B93B-4B34-9F3A-8284EBAC1915}.Release|Any CPU.Build.0 = Release|Any CPU
	EndGlobalSection
	GlobalSection(SolutionProperties) = preSolution
		HideSolutionNode = FALSE
	EndGlobalSection
	GlobalSection(ExtensibilityGlobals) = postSolution
		SolutionGuid = {B4585BC8-3CCA-490F-B04D-EA62DF64F6DA}
	EndGlobalSection
EndGlobal
